
Microsoft Visual Studio Solution File, Format Version 12.00
# Visual Studio Version 17
VisualStudioVersion = 17.6.33829.357
MinimumVisualStudioVersion = 10.0.40219.1
Project("{9A19103F-16F7-4668-BE54-9A1E7A4F7556}") = "ChainOfResponsibility", "ChainOfResponsibility\ChainOfResponsibility.csproj", "{55D0DA7F-BEFD-4359-82D2-29C517B6BC0C}"
EndProject
Project("{FAE04EC0-301F-11D3-BF4B-00C04F79EFBC}") = "CQRS", "CQRS\CQRS.csproj", "{36AAFF9C-D39B-4029-9A7F-1A53C0D418BB}"
EndProject
Project("{FAE04EC0-301F-11D3-BF4B-00C04F79EFBC}") = "TemplateMethod", "TemplateMethod\TemplateMethod.csproj", "{63F310B3-615E-4DFC-ADF4-2A57ABE66AB0}"
EndProject
Project("{FAE04EC0-301F-11D3-BF4B-00C04F79EFBC}") = "Observer", "Observer\Observer.csproj", "{AB26E58D-38FC-4523-B524-7C647AAF583D}"
EndProject
Global
	GlobalSection(SolutionConfigurationPlatforms) = preSolution
		Debug|Any CPU = Debug|Any CPU
		Release|Any CPU = Release|Any CPU
	EndGlobalSection
	GlobalSection(ProjectConfigurationPlatforms) = postSolution
		{55D0DA7F-BEFD-4359-82D2-29C517B6BC0C}.Debug|Any CPU.ActiveCfg = Debug|Any CPU
		{55D0DA7F-BEFD-4359-82D2-29C517B6BC0C}.Debug|Any CPU.Build.0 = Debug|Any CPU
		{55D0DA7F-BEFD-4359-82D2-29C517B6BC0C}.Release|Any CPU.ActiveCfg = Release|Any CPU
		{55D0DA7F-BEFD-4359-82D2-29C517B6BC0C}.Release|Any CPU.Build.0 = Release|Any CPU
		{36AAFF9C-D39B-4029-9A7F-1A53C0D418BB}.Debug|Any CPU.ActiveCfg = Debug|Any CPU
		{36AAFF9C-D39B-4029-9A7F-1A53C0D418BB}.Debug|Any CPU.Build.0 = Debug|Any CPU
		{36AAFF9C-D39B-4029-9A7F-1A53C0D418BB}.Release|Any CPU.ActiveCfg = Release|Any CPU
		{36AAFF9C-D39B-4029-9A7F-1A53C0D418BB}.Release|Any CPU.Build.0 = Release|Any CPU
		{63F310B3-615E-4DFC-ADF4-2A57ABE66AB0}.Debug|Any CPU.ActiveCfg = Debug|Any CPU
		{63F310B3-615E-4DFC-ADF4-2A57ABE66AB0}.Debug|Any CPU.Build.0 = Debug|Any CPU
		{63F310B3-615E-4DFC-ADF4-2A57ABE66AB0}.Release|Any CPU.ActiveCfg = Release|Any CPU
		{63F310B3-615E-4DFC-ADF4-2A57ABE66AB0}.Release|Any CPU.Build.0 = Release|Any CPU
		{AB26E58D-38FC-4523-B524-7C647AAF583D}.Debug|Any CPU.ActiveCfg = Debug|Any CPU
		{AB26E58D-38FC-4523-B524-7C647AAF583D}.Debug|Any CPU.Build.0 = Debug|Any CPU
		{AB26E58D-38FC-4523-B524-7C647AAF583D}.Release|Any CPU.ActiveCfg = Release|Any CPU
		{AB26E58D-38FC-4523-B524-7C647AAF583D}.Release|Any CPU.Build.0 = Release|Any CPU
	EndGlobalSection
	GlobalSection(SolutionProperties) = preSolution
		HideSolutionNode = FALSE
	EndGlobalSection
	GlobalSection(ExtensibilityGlobals) = postSolution
		SolutionGuid = {F0DECE35-F352-4E67-895E-FA17F0A3D679}
	EndGlobalSection
EndGlobal
